
Microsoft Visual Studio Solution File, Format Version 12.00
# Visual Studio Version 17
VisualStudioVersion = 17.3.32901.215
MinimumVisualStudioVersion = 10.0.40219.1
Project("{FAE04EC0-301F-11D3-BF4B-00C04F79EFBC}") = "api", "api\api.csproj", "{A23CAA55-AAEB-48B1-A274-72B6CA137D67}"
EndProject
Project("{9A19103F-16F7-4668-BE54-9A1E7A4F7556}") = "service", "service\service.csproj", "{AFE89018-D509-4953-A14D-22DF3F7F4AA3}"
EndProject
Global
	GlobalSection(SolutionConfigurationPlatforms) = preSolution
		Debug|Any CPU = Debug|Any CPU
		Release|Any CPU = Release|Any CPU
	EndGlobalSection
	GlobalSection(ProjectConfigurationPlatforms) = postSolution
		{A23CAA55-AAEB-48B1-A274-72B6CA137D67}.Debug|Any CPU.ActiveCfg = Debug|Any CPU
		{A23CAA55-AAEB-48B1-A274-72B6CA137D67}.Debug|Any CPU.Build.0 = Debug|Any CPU
		{A23CAA55-AAEB-48B1-A274-72B6CA137D67}.Release|Any CPU.ActiveCfg = Release|Any CPU
		{A23CAA55-AAEB-48B1-A274-72B6CA137D67}.Release|Any CPU.Build.0 = Release|Any CPU
		{AFE89018-D509-4953-A14D-22DF3F7F4AA3}.Debug|Any CPU.ActiveCfg = Debug|Any CPU
		{AFE89018-D509-4953-A14D-22DF3F7F4AA3}.Debug|Any CPU.Build.0 = Debug|Any CPU
		{AFE89018-D509-4953-A14D-22DF3F7F4AA3}.Release|Any CPU.ActiveCfg = Release|Any CPU
		{AFE89018-D509-4953-A14D-22DF3F7F4AA3}.Release|Any CPU.Build.0 = Release|Any CPU
	EndGlobalSection
	GlobalSection(SolutionProperties) = preSolution
		HideSolutionNode = FALSE
	EndGlobalSection
	GlobalSection(ExtensibilityGlobals) = postSolution
		SolutionGuid = {BB6EB760-1120-47FA-814B-710F5FC9E0E1}
	EndGlobalSection
EndGlobal
